
Microsoft Visual Studio Solution File, Format Version 12.00
# Visual Studio Version 17
VisualStudioVersion = 17.9.34723.18
MinimumVisualStudioVersion = 10.0.40219.1
Project("{9A19103F-16F7-4668-BE54-9A1E7A4F7556}") = "Kampute.DocToolkit", "src\Kampute.DocToolkit.csproj", "{4FD29625-8E75-4C5C-9E0A-7A0247DFA900}"
EndProject
Project("{9A19103F-16F7-4668-BE54-9A1E7A4F7556}") = "Kampute.DocToolkit.Test", "tests\Kampute.DocToolkit.Test.csproj", "{EAE6B22C-961C-4F71-8C7E-897444F76E30}"
EndProject
Global
	GlobalSection(SolutionConfigurationPlatforms) = preSolution
		Debug|Any CPU = Debug|Any CPU
		Release|Any CPU = Release|Any CPU
	EndGlobalSection
	GlobalSection(ProjectConfigurationPlatforms) = postSolution
		{4FD29625-8E75-4C5C-9E0A-7A0247DFA900}.Debug|Any CPU.ActiveCfg = Debug|Any CPU
		{4FD29625-8E75-4C5C-9E0A-7A0247DFA900}.Debug|Any CPU.Build.0 = Debug|Any CPU
		{4FD29625-8E75-4C5C-9E0A-7A0247DFA900}.Release|Any CPU.ActiveCfg = Release|Any CPU
		{4FD29625-8E75-4C5C-9E0A-7A0247DFA900}.Release|Any CPU.Build.0 = Release|Any CPU
		{EAE6B22C-961C-4F71-8C7E-897444F76E30}.Debug|Any CPU.ActiveCfg = Debug|Any CPU
		{EAE6B22C-961C-4F71-8C7E-897444F76E30}.Debug|Any CPU.Build.0 = Debug|Any CPU
		{EAE6B22C-961C-4F71-8C7E-897444F76E30}.Release|Any CPU.ActiveCfg = Release|Any CPU
		{EAE6B22C-961C-4F71-8C7E-897444F76E30}.Release|Any CPU.Build.0 = Release|Any CPU
	EndGlobalSection
	GlobalSection(SolutionProperties) = preSolution
		HideSolutionNode = FALSE
	EndGlobalSection
	GlobalSection(ExtensibilityGlobals) = postSolution
		SolutionGuid = {42D21924-3EAA-4745-B6D4-5928AEA3663A}
	EndGlobalSection
EndGlobal
